{
  "name": "projetLocation-1",
  "lockfileVersion": 2,
  "requires": true,
  "packages": {
    "": {
      "dependencies": {
        "@easepick/bundle": "^1.2.0"
      }
    },
    "node_modules/@easepick/amp-plugin": {
      "version": "1.2.0",
      "resolved": "https://registry.npmjs.org/@easepick/amp-plugin/-/amp-plugin-1.2.0.tgz",
      "integrity": "sha512-RU1/0cTn+g60/ZGQiu0VC8YV3te3G//ld/WtqxT1fFg9D0Zf981GnLzpCFr0Xs+qFfdvDkjETqFZNKGJ4rObjA==",
      "dependencies": {
        "@easepick/base-plugin": "^1.1.0"
      }
    },
    "node_modules/@easepick/base-plugin": {
      "version": "1.2.0",
      "resolved": "https://registry.npmjs.org/@easepick/base-plugin/-/base-plugin-1.2.0.tgz",
      "integrity": "sha512-N5zeUW2E0gyOuVCiQs2va0kM2hzojE4XFDrlYBZ4JmQ1pflkipaVgrJoTJVP5/g4dhO94zFhwJ4chhRFnpK1IQ==",
      "dependencies": {
        "@easepick/core": "^1.1.0"
      }
    },
    "node_modules/@easepick/bundle": {
      "version": "1.2.0",
      "resolved": "https://registry.npmjs.org/@easepick/bundle/-/bundle-1.2.0.tgz",
      "integrity": "sha512-G435F0pNIIwokrCKbd0Ro4yXWNvZfnEIkHtYwpkVUYakjj5IGxbWQt5aBFthNS4QGskB4lwB9u5MqjzBC0hADg==",
      "dependencies": {
        "@easepick/amp-plugin": "^1.1.0",
        "@easepick/base-plugin": "^1.1.0",
        "@easepick/core": "^1.1.0",
        "@easepick/datetime": "^1.1.0",
        "@easepick/kbd-plugin": "^1.1.0",
        "@easepick/lock-plugin": "^1.1.0",
        "@easepick/preset-plugin": "^1.1.0",
        "@easepick/range-plugin": "^1.1.0",
        "@easepick/time-plugin": "^1.1.0"
      }
    },
    "node_modules/@easepick/core": {
      "version": "1.2.0",
      "resolved": "https://registry.npmjs.org/@easepick/core/-/core-1.2.0.tgz",
      "integrity": "sha512-kfuQcx/vMbEXZfDOHgk74jFnQFysy+2nXpRH+ATyahYoMqAvtImLOkOxNmdSV0AcWdGeo3PJqB272pMI175EUg==",
      "dependencies": {
        "@easepick/datetime": "^1.1.0"
      }
    },
    "node_modules/@easepick/datetime": {
      "version": "1.2.0",
      "resolved": "https://registry.npmjs.org/@easepick/datetime/-/datetime-1.2.0.tgz",
      "integrity": "sha512-J7xQSMIPCMOXE8wTHEY/XsleQ3P6w+BpV0VAM8k6YlF7w/rzHY9EkRqa4EEjaifMuOLWqEMIiJYijBw7zcBjOA=="
    },
    "node_modules/@easepick/kbd-plugin": {
      "version": "1.2.0",
      "resolved": "https://registry.npmjs.org/@easepick/kbd-plugin/-/kbd-plugin-1.2.0.tgz",
      "integrity": "sha512-kCKBWtOPsnpei9nrSjcA201lPcT5linEvMvdG/3t50PimvRuI8mvH3/SUUkpPZMpR13T3HMtv/dzxx1d+gbpEQ==",
      "dependencies": {
        "@easepick/base-plugin": "^1.1.0"
      }
    },
    "node_modules/@easepick/lock-plugin": {
      "version": "1.2.0",
      "resolved": "https://registry.npmjs.org/@easepick/lock-plugin/-/lock-plugin-1.2.0.tgz",
      "integrity": "sha512-kKxsStxQJukk+FTyjJR8fTQOLDfB/JwDyq1Yy/DYQEVPNIFy3676l2CPS59yVgpExsRl48O3KBTSBIAE4Sschw==",
      "dependencies": {
        "@easepick/base-plugin": "^1.1.0"
      }
    },
    "node_modules/@easepick/preset-plugin": {
      "version": "1.2.0",
      "resolved": "https://registry.npmjs.org/@easepick/preset-plugin/-/preset-plugin-1.2.0.tgz",
      "integrity": "sha512-d9W9Ruuk1OaBGm0YVLoyH8l4P843YAWweTe4L7+U009Esw9/h8+UlmG19dO73dBfdLsPcighwahzNOQWfjOPlg==",
      "dependencies": {
        "@easepick/base-plugin": "^1.1.0",
        "@easepick/range-plugin": "^1.1.0"
      }
    },
    "node_modules/@easepick/range-plugin": {
      "version": "1.2.0",
      "resolved": "https://registry.npmjs.org/@easepick/range-plugin/-/range-plugin-1.2.0.tgz",
      "integrity": "sha512-LcG6vffmnqdvhNxcdq3cfVtLEzL18Wmu6HgA++vuyJ5WaqTbmQ40zahXcAaadzqeiVTHSYkvzbetcMAjSXvdjw==",
      "dependencies": {
        "@easepick/base-plugin": "^1.1.0"
      }
    },
    "node_modules/@easepick/time-plugin": {
      "version": "1.2.0",
      "resolved": "https://registry.npmjs.org/@easepick/time-plugin/-/time-plugin-1.2.0.tgz",
      "integrity": "sha512-OYNzJ8BJYT15iHSN29YDSqhmsuNVmKHQt4ktqyA7Y/VbknuASea37YmQfd89isdCK/y2zJ78yduK/PDgZazHwQ==",
      "dependencies": {
        "@easepick/base-plugin": "^1.1.0"
      }
    }
  },
  "dependencies": {
    "@easepick/amp-plugin": {
      "version": "1.2.0",
      "resolved": "https://registry.npmjs.org/@easepick/amp-plugin/-/amp-plugin-1.2.0.tgz",
      "integrity": "sha512-RU1/0cTn+g60/ZGQiu0VC8YV3te3G//ld/WtqxT1fFg9D0Zf981GnLzpCFr0Xs+qFfdvDkjETqFZNKGJ4rObjA==",
      "requires": {
        "@easepick/base-plugin": "^1.1.0"
      }
    },
    "@easepick/base-plugin": {
      "version": "1.2.0",
      "resolved": "https://registry.npmjs.org/@easepick/base-plugin/-/base-plugin-1.2.0.tgz",
      "integrity": "sha512-N5zeUW2E0gyOuVCiQs2va0kM2hzojE4XFDrlYBZ4JmQ1pflkipaVgrJoTJVP5/g4dhO94zFhwJ4chhRFnpK1IQ==",
      "requires": {
        "@easepick/core": "^1.1.0"
      }
    },
    "@easepick/bundle": {
      "version": "1.2.0",
      "resolved": "https://registry.npmjs.org/@easepick/bundle/-/bundle-1.2.0.tgz",
      "integrity": "sha512-G435F0pNIIwokrCKbd0Ro4yXWNvZfnEIkHtYwpkVUYakjj5IGxbWQt5aBFthNS4QGskB4lwB9u5MqjzBC0hADg==",
      "requires": {
        "@easepick/amp-plugin": "^1.1.0",
        "@easepick/base-plugin": "^1.1.0",
        "@easepick/core": "^1.1.0",
        "@easepick/datetime": "^1.1.0",
        "@easepick/kbd-plugin": "^1.1.0",
        "@easepick/lock-plugin": "^1.1.0",
        "@easepick/preset-plugin": "^1.1.0",
        "@easepick/range-plugin": "^1.1.0",
        "@easepick/time-plugin": "^1.1.0"
      }
    },
    "@easepick/core": {
      "version": "1.2.0",
      "resolved": "https://registry.npmjs.org/@easepick/core/-/core-1.2.0.tgz",
      "integrity": "sha512-kfuQcx/vMbEXZfDOHgk74jFnQFysy+2nXpRH+ATyahYoMqAvtImLOkOxNmdSV0AcWdGeo3PJqB272pMI175EUg==",
      "requires": {
        "@easepick/datetime": "^1.1.0"
      }
    },
    "@easepick/datetime": {
      "version": "1.2.0",
      "resolved": "https://registry.npmjs.org/@easepick/datetime/-/datetime-1.2.0.tgz",
      "integrity": "sha512-J7xQSMIPCMOXE8wTHEY/XsleQ3P6w+BpV0VAM8k6YlF7w/rzHY9EkRqa4EEjaifMuOLWqEMIiJYijBw7zcBjOA=="
    },
    "@easepick/kbd-plugin": {
      "version": "1.2.0",
      "resolved": "https://registry.npmjs.org/@easepick/kbd-plugin/-/kbd-plugin-1.2.0.tgz",
      "integrity": "sha512-kCKBWtOPsnpei9nrSjcA201lPcT5linEvMvdG/3t50PimvRuI8mvH3/SUUkpPZMpR13T3HMtv/dzxx1d+gbpEQ==",
      "requires": {
        "@easepick/base-plugin": "^1.1.0"
      }
    },
    "@easepick/lock-plugin": {
      "version": "1.2.0",
      "resolved": "https://registry.npmjs.org/@easepick/lock-plugin/-/lock-plugin-1.2.0.tgz",
      "integrity": "sha512-kKxsStxQJukk+FTyjJR8fTQOLDfB/JwDyq1Yy/DYQEVPNIFy3676l2CPS59yVgpExsRl48O3KBTSBIAE4Sschw==",
      "requires": {
        "@easepick/base-plugin": "^1.1.0"
      }
    },
    "@easepick/preset-plugin": {
      "version": "1.2.0",
      "resolved": "https://registry.npmjs.org/@easepick/preset-plugin/-/preset-plugin-1.2.0.tgz",
      "integrity": "sha512-d9W9Ruuk1OaBGm0YVLoyH8l4P843YAWweTe4L7+U009Esw9/h8+UlmG19dO73dBfdLsPcighwahzNOQWfjOPlg==",
      "requires": {
        "@easepick/base-plugin": "^1.1.0",
        "@easepick/range-plugin": "^1.1.0"
      }
    },
    "@easepick/range-plugin": {
      "version": "1.2.0",
      "resolved": "https://registry.npmjs.org/@easepick/range-plugin/-/range-plugin-1.2.0.tgz",
      "integrity": "sha512-LcG6vffmnqdvhNxcdq3cfVtLEzL18Wmu6HgA++vuyJ5WaqTbmQ40zahXcAaadzqeiVTHSYkvzbetcMAjSXvdjw==",
      "requires": {
        "@easepick/base-plugin": "^1.1.0"
      }
    },
    "@easepick/time-plugin": {
      "version": "1.2.0",
      "resolved": "https://registry.npmjs.org/@easepick/time-plugin/-/time-plugin-1.2.0.tgz",
      "integrity": "sha512-OYNzJ8BJYT15iHSN29YDSqhmsuNVmKHQt4ktqyA7Y/VbknuASea37YmQfd89isdCK/y2zJ78yduK/PDgZazHwQ==",
      "requires": {
        "@easepick/base-plugin": "^1.1.0"
      }
    }
  }
}
